# THIS IS AN AUTOGENERATED FILE. DO NOT EDIT THIS FILE DIRECTLY.
# yarn lockfile v1


"@rarkins/private-module-test@^1.0.0":
  version "1.0.0"
  resolved "https://registry.yarnpkg.com/@rarkins/private-module-test/-/private-module-test-1.0.0.tgz#477eaae1437c8f206796460b6d0969be4df7a676"

left-pad@1.2.0:
  version "1.2.0"
  resolved "https://registry.yarnpkg.com/left-pad/-/left-pad-1.2.0.tgz#d30a73c6b8201d8f7d8e7956ba9616087a68e0ee"
